// !$*UTF8*$!
{
	archiveVersion = 1;
	classes = {
	};
	objectVersion = 50;
	objects = {

/* Begin PBXBuildFile section */
		6D91A4FA217047DC00DC2E1C /* AppDelegate.m in Sources */ = {isa = PBXBuildFile; fileRef = 6D91A4F9217047DC00DC2E1C /* AppDelegate.m */; };
		6D91A4FD217047DC00DC2E1C /* ViewController.m in Sources */ = {isa = PBXBuildFile; fileRef = 6D91A4FC217047DC00DC2E1C /* ViewController.m */; };
		6D91A500217047DC00DC2E1C /* Main.storyboard in Resources */ = {isa = PBXBuildFile; fileRef = 6D91A4FE217047DC00DC2E1C /* Main.storyboard */; };
		6D91A502217047EF00DC2E1C /* Assets.xcassets in Resources */ = {isa = PBXBuildFile; fileRef = 6D91A501217047EF00DC2E1C /* Assets.xcassets */; };
		6D91A505217047EF00DC2E1C /* LaunchScreen.storyboard in Resources */ = {isa = PBXBuildFile; fileRef = 6D91A503217047EF00DC2E1C /* LaunchScreen.storyboard */; };
		6D91A508217047EF00DC2E1C /* main.m in Sources */ = {isa = PBXBuildFile; fileRef = 6D91A507217047EF00DC2E1C /* main.m */; };
		6D91A51A217048B200DC2E1C /* MixVolumeTableViewCell.m in Sources */ = {isa = PBXBuildFile; fileRef = 6D91A514217048B100DC2E1C /* MixVolumeTableViewCell.m */; };
		6D91A51B217048B200DC2E1C /* MixVolumeTableViewCell.xib in Resources */ = {isa = PBXBuildFile; fileRef = 6D91A517217048B200DC2E1C /* MixVolumeTableViewCell.xib */; };
		6D91A51C217048B200DC2E1C /* MixItemCollectionViewCell.xib in Resources */ = {isa = PBXBuildFile; fileRef = 6D91A518217048B200DC2E1C /* MixItemCollectionViewCell.xib */; };
		6D91A51D217048B200DC2E1C /* MixItemCollectionViewCell.m in Sources */ = {isa = PBXBuildFile; fileRef = 6D91A519217048B200DC2E1C /* MixItemCollectionViewCell.m */; };
		6D91A524217048EC00DC2E1C /* BaseTableViewAdapter.m in Sources */ = {isa = PBXBuildFile; fileRef = 6D91A520217048EC00DC2E1C /* BaseTableViewAdapter.m */; };
		6D91A525217048EC00DC2E1C /* BaseCollectionViewAdapter.m in Sources */ = {isa = PBXBuildFile; fileRef = 6D91A522217048EC00DC2E1C /* BaseCollectionViewAdapter.m */; };
		6D91A52F2170492000DC2E1C /* UIView+Category.m in Sources */ = {isa = PBXBuildFile; fileRef = 6D91A52A2170492000DC2E1C /* UIView+Category.m */; };
		6D91A5302170492000DC2E1C /* UICollectionViewFlowLayout+Category.m in Sources */ = {isa = PBXBuildFile; fileRef = 6D91A52B2170492000DC2E1C /* UICollectionViewFlowLayout+Category.m */; };
		6D91A5312170492000DC2E1C /* UICollectionView+Category.m in Sources */ = {isa = PBXBuildFile; fileRef = 6D91A52C2170492000DC2E1C /* UICollectionView+Category.m */; };
		6D91A5322170492000DC2E1C /* UITableView+Category.m in Sources */ = {isa = PBXBuildFile; fileRef = 6D91A52E2170492000DC2E1C /* UITableView+Category.m */; };
		6D91A5372170496F00DC2E1C /* MixCollectionViewAdapter.m in Sources */ = {isa = PBXBuildFile; fileRef = 6D91A5342170496F00DC2E1C /* MixCollectionViewAdapter.m */; };
		6D91A5382170496F00DC2E1C /* MixTableViewAdapter.m in Sources */ = {isa = PBXBuildFile; fileRef = 6D91A5352170496F00DC2E1C /* MixTableViewAdapter.m */; };
/* End PBXBuildFile section */

/* Begin PBXFileReference section */
		6D91A4F5217047DC00DC2E1C /* iOSOCAdapterTest.app */ = {isa = PBXFileReference; explicitFileType = wrapper.application; includeInIndex = 0; path = iOSOCAdapterTest.app; sourceTree = BUILT_PRODUCTS_DIR; };
		6D91A4F8217047DC00DC2E1C /* AppDelegate.h */ = {isa = PBXFileReference; lastKnownFileType = sourcecode.c.h; path = AppDelegate.h; sourceTree = "<group>"; };
		6D91A4F9217047DC00DC2E1C /* AppDelegate.m */ = {isa = PBXFileReference; lastKnownFileType = sourcecode.c.objc; path = AppDelegate.m; sourceTree = "<group>"; };
		6D91A4FB217047DC00DC2E1C /* ViewController.h */ = {isa = PBXFileReference; lastKnownFileType = sourcecode.c.h; path = ViewController.h; sourceTree = "<group>"; };
		6D91A4FC217047DC00DC2E1C /* ViewController.m */ = {isa = PBXFileReference; lastKnownFileType = sourcecode.c.objc; path = ViewController.m; sourceTree = "<group>"; };
		6D91A4FF217047DC00DC2E1C /* Base */ = {isa = PBXFileReference; lastKnownFileType = file.storyboard; name = Base; path = Base.lproj/Main.storyboard; sourceTree = "<group>"; };
		6D91A501217047EF00DC2E1C /* Assets.xcassets */ = {isa = PBXFileReference; lastKnownFileType = folder.assetcatalog; path = Assets.xcassets; sourceTree = "<group>"; };
		6D91A504217047EF00DC2E1C /* Base */ = {isa = PBXFileReference; lastKnownFileType = file.storyboard; name = Base; path = Base.lproj/LaunchScreen.storyboard; sourceTree = "<group>"; };
		6D91A506217047EF00DC2E1C /* Info.plist */ = {isa = PBXFileReference; lastKnownFileType = text.plist.xml; path = Info.plist; sourceTree = "<group>"; };
		6D91A507217047EF00DC2E1C /* main.m */ = {isa = PBXFileReference; lastKnownFileType = sourcecode.c.objc; path = main.m; sourceTree = "<group>"; };
		6D91A514217048B100DC2E1C /* MixVolumeTableViewCell.m */ = {isa = PBXFileReference; fileEncoding = 4; lastKnownFileType = sourcecode.c.objc; path = MixVolumeTableViewCell.m; sourceTree = "<group>"; };
		6D91A515217048B100DC2E1C /* MixItemCollectionViewCell.h */ = {isa = PBXFileReference; fileEncoding = 4; lastKnownFileType = sourcecode.c.h; path = MixItemCollectionViewCell.h; sourceTree = "<group>"; };
		6D91A516217048B100DC2E1C /* MixVolumeTableViewCell.h */ = {isa = PBXFileReference; fileEncoding = 4; lastKnownFileType = sourcecode.c.h; path = MixVolumeTableViewCell.h; sourceTree = "<group>"; };
		6D91A517217048B200DC2E1C /* MixVolumeTableViewCell.xib */ = {isa = PBXFileReference; fileEncoding = 4; lastKnownFileType = file.xib; path = MixVolumeTableViewCell.xib; sourceTree = "<group>"; };
		6D91A518217048B200DC2E1C /* MixItemCollectionViewCell.xib */ = {isa = PBXFileReference; fileEncoding = 4; lastKnownFileType = file.xib; path = MixItemCollectionViewCell.xib; sourceTree = "<group>"; };
		6D91A519217048B200DC2E1C /* MixItemCollectionViewCell.m */ = {isa = PBXFileReference; fileEncoding = 4; lastKnownFileType = sourcecode.c.objc; path = MixItemCollectionViewCell.m; sourceTree = "<group>"; };
		6D91A520217048EC00DC2E1C /* BaseTableViewAdapter.m */ = {isa = PBXFileReference; fileEncoding = 4; lastKnownFileType = sourcecode.c.objc; path = BaseTableViewAdapter.m; sourceTree = "<group>"; };
		6D91A521217048EC00DC2E1C /* BaseTableViewAdapter.h */ = {isa = PBXFileReference; fileEncoding = 4; lastKnownFileType = sourcecode.c.h; path = BaseTableViewAdapter.h; sourceTree = "<group>"; };
		6D91A522217048EC00DC2E1C /* BaseCollectionViewAdapter.m */ = {isa = PBXFileReference; fileEncoding = 4; lastKnownFileType = sourcecode.c.objc; path = BaseCollectionViewAdapter.m; sourceTree = "<group>"; };
		6D91A523217048EC00DC2E1C /* BaseCollectionViewAdapter.h */ = {isa = PBXFileReference; fileEncoding = 4; lastKnownFileType = sourcecode.c.h; path = BaseCollectionViewAdapter.h; sourceTree = "<group>"; };
		6D91A5272170491F00DC2E1C /* UIView+Category.h */ = {isa = PBXFileReference; fileEncoding = 4; lastKnownFileType = sourcecode.c.h; path = "UIView+Category.h"; sourceTree = "<group>"; };
		6D91A5282170492000DC2E1C /* UITableView+Category.h */ = {isa = PBXFileReference; fileEncoding = 4; lastKnownFileType = sourcecode.c.h; path = "UITableView+Category.h"; sourceTree = "<group>"; };
		6D91A5292170492000DC2E1C /* UICollectionView+Category.h */ = {isa = PBXFileReference; fileEncoding = 4; lastKnownFileType = sourcecode.c.h; path = "UICollectionView+Category.h"; sourceTree = "<group>"; };
		6D91A52A2170492000DC2E1C /* UIView+Category.m */ = {isa = PBXFileReference; fileEncoding = 4; lastKnownFileType = sourcecode.c.objc; path = "UIView+Category.m"; sourceTree = "<group>"; };
		6D91A52B2170492000DC2E1C /* UICollectionViewFlowLayout+Category.m */ = {isa = PBXFileReference; fileEncoding = 4; lastKnownFileType = sourcecode.c.objc; path = "UICollectionViewFlowLayout+Category.m"; sourceTree = "<group>"; };
		6D91A52C2170492000DC2E1C /* UICollectionView+Category.m */ = {isa = PBXFileReference; fileEncoding = 4; lastKnownFileType = sourcecode.c.objc; path = "UICollectionView+Category.m"; sourceTree = "<group>"; };
		6D91A52D2170492000DC2E1C /* UICollectionViewFlowLayout+Category.h */ = {isa = PBXFileReference; fileEncoding = 4; lastKnownFileType = sourcecode.c.h; path = "UICollectionViewFlowLayout+Category.h"; sourceTree = "<group>"; };
		6D91A52E2170492000DC2E1C /* UITableView+Category.m */ = {isa = PBXFileReference; fileEncoding = 4; lastKnownFileType = sourcecode.c.objc; path = "UITableView+Category.m"; sourceTree = "<group>"; };
		6D91A5332170496F00DC2E1C /* MixCollectionViewAdapter.h */ = {isa = PBXFileReference; fileEncoding = 4; lastKnownFileType = sourcecode.c.h; path = MixCollectionViewAdapter.h; sourceTree = "<group>"; };
		6D91A5342170496F00DC2E1C /* MixCollectionViewAdapter.m */ = {isa = PBXFileReference; fileEncoding = 4; lastKnownFileType = sourcecode.c.objc; path = MixCollectionViewAdapter.m; sourceTree = "<group>"; };
		6D91A5352170496F00DC2E1C /* MixTableViewAdapter.m */ = {isa = PBXFileReference; fileEncoding = 4; lastKnownFileType = sourcecode.c.objc; path = MixTableViewAdapter.m; sourceTree = "<group>"; };
		6D91A5362170496F00DC2E1C /* MixTableViewAdapter.h */ = {isa = PBXFileReference; fileEncoding = 4; lastKnownFileType = sourcecode.c.h; path = MixTableViewAdapter.h; sourceTree = "<group>"; };
		6D91A53921704AC600DC2E1C /* PrefixHeader.pch */ = {isa = PBXFileReference; lastKnownFileType = sourcecode.c.h; path = PrefixHeader.pch; sourceTree = "<group>"; };
/* End PBXFileReference section */

/* Begin PBXFrameworksBuildPhase section */
		6D91A4F2217047DC00DC2E1C /* Frameworks */ = {
			isa = PBXFrameworksBuildPhase;
			buildActionMask = 2147483647;
			files = (
			);
			runOnlyForDeploymentPostprocessing = 0;
		};
/* End PBXFrameworksBuildPhase section */

/* Begin PBXGroup section */
		6D91A4EC217047DC00DC2E1C = {
			isa = PBXGroup;
			children = (
				6D91A4F7217047DC00DC2E1C /* iOSOCAdapterTest */,
				6D91A4F6217047DC00DC2E1C /* Products */,
			);
			sourceTree = "<group>";
		};
		6D91A4F6217047DC00DC2E1C /* Products */ = {
			isa = PBXGroup;
			children = (
				6D91A4F5217047DC00DC2E1C /* iOSOCAdapterTest.app */,
			);
			name = Products;
			sourceTree = "<group>";
		};
		6D91A4F7217047DC00DC2E1C /* iOSOCAdapterTest */ = {
			isa = PBXGroup;
			children = (
				6D91A526217048FA00DC2E1C /* Category */,
				6D91A51F217048D200DC2E1C /* Base */,
				6D91A5102170485100DC2E1C /* Business */,
				6D91A50F2170482400DC2E1C /* Support Files */,
			);
			path = iOSOCAdapterTest;
			sourceTree = "<group>";
		};
		6D91A50F2170482400DC2E1C /* Support Files */ = {
			isa = PBXGroup;
			children = (
				6D91A53921704AC600DC2E1C /* PrefixHeader.pch */,
				6D91A4F8217047DC00DC2E1C /* AppDelegate.h */,
				6D91A4F9217047DC00DC2E1C /* AppDelegate.m */,
				6D91A501217047EF00DC2E1C /* Assets.xcassets */,
				6D91A503217047EF00DC2E1C /* LaunchScreen.storyboard */,
				6D91A506217047EF00DC2E1C /* Info.plist */,
				6D91A507217047EF00DC2E1C /* main.m */,
			);
			path = "Support Files";
			sourceTree = "<group>";
		};
		6D91A5102170485100DC2E1C /* Business */ = {
			isa = PBXGroup;
			children = (
				6D91A51E217048C900DC2E1C /* Adapter */,
				6D91A5132170488D00DC2E1C /* View */,
				6D91A5122170488100DC2E1C /* Controller */,
			);
			path = Business;
			sourceTree = "<group>";
		};
		6D91A5122170488100DC2E1C /* Controller */ = {
			isa = PBXGroup;
			children = (
				6D91A4FB217047DC00DC2E1C /* ViewController.h */,
				6D91A4FC217047DC00DC2E1C /* ViewController.m */,
				6D91A4FE217047DC00DC2E1C /* Main.storyboard */,
			);
			name = Controller;
			sourceTree = "<group>";
		};
		6D91A5132170488D00DC2E1C /* View */ = {
			isa = PBXGroup;
			children = (
				6D91A515217048B100DC2E1C /* MixItemCollectionViewCell.h */,
				6D91A519217048B200DC2E1C /* MixItemCollectionViewCell.m */,
				6D91A518217048B200DC2E1C /* MixItemCollectionViewCell.xib */,
				6D91A516217048B100DC2E1C /* MixVolumeTableViewCell.h */,
				6D91A514217048B100DC2E1C /* MixVolumeTableViewCell.m */,
				6D91A517217048B200DC2E1C /* MixVolumeTableViewCell.xib */,
			);
			name = View;
			sourceTree = "<group>";
		};
		6D91A51E217048C900DC2E1C /* Adapter */ = {
			isa = PBXGroup;
			children = (
				6D91A5332170496F00DC2E1C /* MixCollectionViewAdapter.h */,
				6D91A5342170496F00DC2E1C /* MixCollectionViewAdapter.m */,
				6D91A5362170496F00DC2E1C /* MixTableViewAdapter.h */,
				6D91A5352170496F00DC2E1C /* MixTableViewAdapter.m */,
			);
			name = Adapter;
			sourceTree = "<group>";
		};
		6D91A51F217048D200DC2E1C /* Base */ = {
			isa = PBXGroup;
			children = (
				6D91A523217048EC00DC2E1C /* BaseCollectionViewAdapter.h */,
				6D91A522217048EC00DC2E1C /* BaseCollectionViewAdapter.m */,
				6D91A521217048EC00DC2E1C /* BaseTableViewAdapter.h */,
				6D91A520217048EC00DC2E1C /* BaseTableViewAdapter.m */,
			);
			path = Base;
			sourceTree = "<group>";
		};
		6D91A526217048FA00DC2E1C /* Category */ = {
			isa = PBXGroup;
			children = (
				6D91A5292170492000DC2E1C /* UICollectionView+Category.h */,
				6D91A52C2170492000DC2E1C /* UICollectionView+Category.m */,
				6D91A52D2170492000DC2E1C /* UICollectionViewFlowLayout+Category.h */,
				6D91A52B2170492000DC2E1C /* UICollectionViewFlowLayout+Category.m */,
				6D91A5282170492000DC2E1C /* UITableView+Category.h */,
				6D91A52E2170492000DC2E1C /* UITableView+Category.m */,
				6D91A5272170491F00DC2E1C /* UIView+Category.h */,
				6D91A52A2170492000DC2E1C /* UIView+Category.m */,
			);
			path = Category;
			sourceTree = "<group>";
		};
/* End PBXGroup section */

/* Begin PBXNativeTarget section */
		6D91A4F4217047DC00DC2E1C /* iOSOCAdapterTest */ = {
			isa = PBXNativeTarget;
			buildConfigurationList = 6D91A50B217047EF00DC2E1C /* Build configuration list for PBXNativeTarget "iOSOCAdapterTest" */;
			buildPhases = (
				6D91A4F1217047DC00DC2E1C /* Sources */,
				6D91A4F2217047DC00DC2E1C /* Frameworks */,
				6D91A4F3217047DC00DC2E1C /* Resources */,
			);
			buildRules = (
			);
			dependencies = (
			);
			name = iOSOCAdapterTest;
			productName = iOSOCAdapterTest;
			productReference = 6D91A4F5217047DC00DC2E1C /* iOSOCAdapterTest.app */;
			productType = "com.apple.product-type.application";
		};
/* End PBXNativeTarget section */

/* Begin PBXProject section */
		6D91A4ED217047DC00DC2E1C /* Project object */ = {
			isa = PBXProject;
			attributes = {
				LastUpgradeCheck = 1000;
				ORGANIZATIONNAME = GCI;
				TargetAttributes = {
					6D91A4F4217047DC00DC2E1C = {
						CreatedOnToolsVersion = 10.0;
					};
				};
			};
			buildConfigurationList = 6D91A4F0217047DC00DC2E1C /* Build configuration list for PBXProject "iOSOCAdapterTest" */;
			compatibilityVersion = "Xcode 9.3";
			developmentRegion = en;
			hasScannedForEncodings = 0;
			knownRegions = (
				en,
				Base,
			);
			mainGroup = 6D91A4EC217047DC00DC2E1C;
			productRefGroup = 6D91A4F6217047DC00DC2E1C /* Products */;
			projectDirPath = "";
			projectRoot = "";
			targets = (
				6D91A4F4217047DC00DC2E1C /* iOSOCAdapterTest */,
			);
		};
/* End PBXProject section */

/* Begin PBXResourcesBuildPhase section */
		6D91A4F3217047DC00DC2E1C /* Resources */ = {
			isa = PBXResourcesBuildPhase;
			buildActionMask = 2147483647;
			files = (
				6D91A51B217048B200DC2E1C /* MixVolumeTableViewCell.xib in Resources */,
				6D91A505217047EF00DC2E1C /* LaunchScreen.storyboard in Resources */,
				6D91A502217047EF00DC2E1C /* Assets.xcassets in Resources */,
				6D91A51C217048B200DC2E1C /* MixItemCollectionViewCell.xib in Resources */,
				6D91A500217047DC00DC2E1C /* Main.storyboard in Resources */,
			);
			runOnlyForDeploymentPostprocessing = 0;
		};
/* End PBXResourcesBuildPhase section */

/* Begin PBXSourcesBuildPhase section */
		6D91A4F1217047DC00DC2E1C /* Sources */ = {
			isa = PBXSourcesBuildPhase;
			buildActionMask = 2147483647;
			files = (
				6D91A51A217048B200DC2E1C /* MixVolumeTableViewCell.m in Sources */,
				6D91A4FD217047DC00DC2E1C /* ViewController.m in Sources */,
				6D91A5312170492000DC2E1C /* UICollectionView+Category.m in Sources */,
				6D91A524217048EC00DC2E1C /* BaseTableViewAdapter.m in Sources */,
				6D91A508217047EF00DC2E1C /* main.m in Sources */,
				6D91A525217048EC00DC2E1C /* BaseCollectionViewAdapter.m in Sources */,
				6D91A5302170492000DC2E1C /* UICollectionViewFlowLayout+Category.m in Sources */,
				6D91A51D217048B200DC2E1C /* MixItemCollectionViewCell.m in Sources */,
				6D91A5382170496F00DC2E1C /* MixTableViewAdapter.m in Sources */,
				6D91A52F2170492000DC2E1C /* UIView+Category.m in Sources */,
				6D91A5322170492000DC2E1C /* UITableView+Category.m in Sources */,
				6D91A4FA217047DC00DC2E1C /* AppDelegate.m in Sources */,
				6D91A5372170496F00DC2E1C /* MixCollectionViewAdapter.m in Sources */,
			);
			runOnlyForDeploymentPostprocessing = 0;
		};
/* End PBXSourcesBuildPhase section */

/* Begin PBXVariantGroup section */
		6D91A4FE217047DC00DC2E1C /* Main.storyboard */ = {
			isa = PBXVariantGroup;
			children = (
				6D91A4FF217047DC00DC2E1C /* Base */,
			);
			name = Main.storyboard;
			sourceTree = "<group>";
		};
		6D91A503217047EF00DC2E1C /* LaunchScreen.storyboard */ = {
			isa = PBXVariantGroup;
			children = (
				6D91A504217047EF00DC2E1C /* Base */,
			);
			name = LaunchScreen.storyboard;
			sourceTree = "<group>";
		};
/* End PBXVariantGroup section */

/* Begin XCBuildConfiguration section */
		6D91A509217047EF00DC2E1C /* Debug */ = {
			isa = XCBuildConfiguration;
			buildSettings = {
				ALWAYS_SEARCH_USER_PATHS = NO;
				CLANG_ANALYZER_NONNULL = YES;
				CLANG_ANALYZER_NUMBER_OBJECT_CONVERSION = YES_AGGRESSIVE;
				CLANG_CXX_LANGUAGE_STANDARD = "gnu++14";
				CLANG_CXX_LIBRARY = "libc++";
				CLANG_ENABLE_MODULES = YES;
				CLANG_ENABLE_OBJC_ARC = YES;
				CLANG_ENABLE_OBJC_WEAK = YES;
				CLANG_WARN_BLOCK_CAPTURE_AUTORELEASING = YES;
				CLANG_WARN_BOOL_CONVERSION = YES;
				CLANG_WARN_COMMA = YES;
				CLANG_WARN_CONSTANT_CONVERSION = YES;
				CLANG_WARN_DEPRECATED_OBJC_IMPLEMENTATIONS = YES;
				CLANG_WARN_DIRECT_OBJC_ISA_USAGE = YES_ERROR;
				CLANG_WARN_DOCUMENTATION_COMMENTS = YES;
				CLANG_WARN_EMPTY_BODY = YES;
				CLANG_WARN_ENUM_CONVERSION = YES;
				CLANG_WARN_INFINITE_RECURSION = YES;
				CLANG_WARN_INT_CONVERSION = YES;
				CLANG_WARN_NON_LITERAL_NULL_CONVERSION = YES;
				CLANG_WARN_OBJC_IMPLICIT_RETAIN_SELF = YES;
				CLANG_WARN_OBJC_LITERAL_CONVERSION = YES;
				CLANG_WARN_OBJC_ROOT_CLASS = YES_ERROR;
				CLANG_WARN_RANGE_LOOP_ANALYSIS = YES;
				CLANG_WARN_STRICT_PROTOTYPES = YES;
				CLANG_WARN_SUSPICIOUS_MOVE = YES;
				CLANG_WARN_UNGUARDED_AVAILABILITY = YES_AGGRESSIVE;
				CLANG_WARN_UNREACHABLE_CODE = YES;
				CLANG_WARN__DUPLICATE_METHOD_MATCH = YES;
				CODE_SIGN_IDENTITY = "iPhone Developer";
				COPY_PHASE_STRIP = NO;
				DEBUG_INFORMATION_FORMAT = dwarf;
				ENABLE_STRICT_OBJC_MSGSEND = YES;
				ENABLE_TESTABILITY = YES;
				GCC_C_LANGUAGE_STANDARD = gnu11;
				GCC_DYNAMIC_NO_PIC = NO;
				GCC_NO_COMMON_BLOCKS = YES;
				GCC_OPTIMIZATION_LEVEL = 0;
				GCC_PREPROCESSOR_DEFINITIONS = (
					"DEBUG=1",
					"$(inherited)",
				);
				GCC_WARN_64_TO_32_BIT_CONVERSION = YES;
				GCC_WARN_ABOUT_RETURN_TYPE = YES_ERROR;
				GCC_WARN_UNDECLARED_SELECTOR = YES;
				GCC_WARN_UNINITIALIZED_AUTOS = YES_AGGRESSIVE;
				GCC_WARN_UNUSED_FUNCTION = YES;
				GCC_WARN_UNUSED_VARIABLE = YES;
				IPHONEOS_DEPLOYMENT_TARGET = 12.0;
				MTL_ENABLE_DEBUG_INFO = INCLUDE_SOURCE;
				MTL_FAST_MATH = YES;
				ONLY_ACTIVE_ARCH = YES;
				SDKROOT = iphoneos;
			};
			name = Debug;
		};
		6D91A50A217047EF00DC2E1C /* Release */ = {
			isa = XCBuildConfiguration;
			buildSettings = {
				ALWAYS_SEARCH_USER_PATHS = NO;
				CLANG_ANALYZER_NONNULL = YES;
				CLANG_ANALYZER_NUMBER_OBJECT_CONVERSION = YES_AGGRESSIVE;
				CLANG_CXX_LANGUAGE_STANDARD = "gnu++14";
				CLANG_CXX_LIBRARY = "libc++";
				CLANG_ENABLE_MODULES = YES;
				CLANG_ENABLE_OBJC_ARC = YES;
				CLANG_ENABLE_OBJC_WEAK = YES;
				CLANG_WARN_BLOCK_CAPTURE_AUTORELEASING = YES;
				CLANG_WARN_BOOL_CONVERSION = YES;
				CLANG_WARN_COMMA = YES;
				CLANG_WARN_CONSTANT_CONVERSION = YES;
				CLANG_WARN_DEPRECATED_OBJC_IMPLEMENTATIONS = YES;
				CLANG_WARN_DIRECT_OBJC_ISA_USAGE = YES_ERROR;
				CLANG_WARN_DOCUMENTATION_COMMENTS = YES;
				CLANG_WARN_EMPTY_BODY = YES;
				CLANG_WARN_ENUM_CONVERSION = YES;
				CLANG_WARN_INFINITE_RECURSION = YES;
				CLANG_WARN_INT_CONVERSION = YES;
				CLANG_WARN_NON_LITERAL_NULL_CONVERSION = YES;
				CLANG_WARN_OBJC_IMPLICIT_RETAIN_SELF = YES;
				CLANG_WARN_OBJC_LITERAL_CONVERSION = YES;
				CLANG_WARN_OBJC_ROOT_CLASS = YES_ERROR;
				CLANG_WARN_RANGE_LOOP_ANALYSIS = YES;
				CLANG_WARN_STRICT_PROTOTYPES = YES;
				CLANG_WARN_SUSPICIOUS_MOVE = YES;
				CLANG_WARN_UNGUARDED_AVAILABILITY = YES_AGGRESSIVE;
				CLANG_WARN_UNREACHABLE_CODE = YES;
				CLANG_WARN__DUPLICATE_METHOD_MATCH = YES;
				CODE_SIGN_IDENTITY = "iPhone Developer";
				COPY_PHASE_STRIP = NO;
				DEBUG_INFORMATION_FORMAT = "dwarf-with-dsym";
				ENABLE_NS_ASSERTIONS = NO;
				ENABLE_STRICT_OBJC_MSGSEND = YES;
				GCC_C_LANGUAGE_STANDARD = gnu11;
				GCC_NO_COMMON_BLOCKS = YES;
				GCC_WARN_64_TO_32_BIT_CONVERSION = YES;
				GCC_WARN_ABOUT_RETURN_TYPE = YES_ERROR;
				GCC_WARN_UNDECLARED_SELECTOR = YES;
				GCC_WARN_UNINITIALIZED_AUTOS = YES_AGGRESSIVE;
				GCC_WARN_UNUSED_FUNCTION = YES;
				GCC_WARN_UNUSED_VARIABLE = YES;
				IPHONEOS_DEPLOYMENT_TARGET = 12.0;
				MTL_ENABLE_DEBUG_INFO = NO;
				MTL_FAST_MATH = YES;
				SDKROOT = iphoneos;
				VALIDATE_PRODUCT = YES;
			};
			name = Release;
		};
		6D91A50C217047EF00DC2E1C /* Debug */ = {
			isa = XCBuildConfiguration;
			buildSettings = {
				ASSETCATALOG_COMPILER_APPICON_NAME = AppIcon;
				CODE_SIGN_STYLE = Automatic;
				DEVELOPMENT_TEAM = HKZ94N2PPE;
				GCC_PREFIX_HEADER = "iOSOCAdapterTest/Support Files/PrefixHeader.pch";
				INFOPLIST_FILE = "$(SRCROOT)/iOSOCAdapterTest/Support Files/Info.plist";
				LD_RUNPATH_SEARCH_PATHS = (
					"$(inherited)",
					"@executable_path/Frameworks",
				);
				PRODUCT_BUNDLE_IDENTIFIER = com.gzticc.xxt.iOSOCAdapterTest;
				PRODUCT_NAME = "$(TARGET_NAME)";
				TARGETED_DEVICE_FAMILY = "1,2";
			};
			name = Debug;
		};
		6D91A50D217047EF00DC2E1C /* Release */ = {
			isa = XCBuildConfiguration;
			buildSettings = {
				ASSETCATALOG_COMPILER_APPICON_NAME = AppIcon;
				CODE_SIGN_STYLE = Automatic;
				DEVELOPMENT_TEAM = HKZ94N2PPE;
				GCC_PREFIX_HEADER = "iOSOCAdapterTest/Support Files/PrefixHeader.pch";
				INFOPLIST_FILE = "$(SRCROOT)/iOSOCAdapterTest/Support Files/Info.plist";
				LD_RUNPATH_SEARCH_PATHS = (
					"$(inherited)",
					"@executable_path/Frameworks",
				);
				PRODUCT_BUNDLE_IDENTIFIER = com.gzticc.xxt.iOSOCAdapterTest;
				PRODUCT_NAME = "$(TARGET_NAME)";
				TARGETED_DEVICE_FAMILY = "1,2";
			};
			name = Release;
		};
/* End XCBuildConfiguration section */

/* Begin XCConfigurationList section */
		6D91A4F0217047DC00DC2E1C /* Build configuration list for PBXProject "iOSOCAdapterTest" */ = {
			isa = XCConfigurationList;
			buildConfigurations = (
				6D91A509217047EF00DC2E1C /* Debug */,
				6D91A50A217047EF00DC2E1C /* Release */,
			);
			defaultConfigurationIsVisible = 0;
			defaultConfigurationName = Release;
		};
		6D91A50B217047EF00DC2E1C /* Build configuration list for PBXNativeTarget "iOSOCAdapterTest" */ = {
			isa = XCConfigurationList;
			buildConfigurations = (
				6D91A50C217047EF00DC2E1C /* Debug */,
				6D91A50D217047EF00DC2E1C /* Release */,
			);
			defaultConfigurationIsVisible = 0;
			defaultConfigurationName = Release;
		};
/* End XCConfigurationList section */
	};
	rootObject = 6D91A4ED217047DC00DC2E1C /* Project object */;
}
